
Microsoft Visual Studio Solution File, Format Version 12.00
# Visual Studio Version 16
VisualStudioVersion = 16.0.31702.278
MinimumVisualStudioVersion = 10.0.40219.1
Project("{FAE04EC0-301F-11D3-BF4B-00C04F79EFBC}") = "ClientRest_025_MuhammadHerlambang", "ClientRest_025_MuhammadHerlambang\ClientRest_025_MuhammadHerlambang.csproj", "{2E0CCE8E-8729-4376-B614-78BFE7A28087}"
EndProject
Global
	GlobalSection(SolutionConfigurationPlatforms) = preSolution
		Debug|Any CPU = Debug|Any CPU
		Release|Any CPU = Release|Any CPU
	EndGlobalSection
	GlobalSection(ProjectConfigurationPlatforms) = postSolution
		{2E0CCE8E-8729-4376-B614-78BFE7A28087}.Debug|Any CPU.ActiveCfg = Debug|Any CPU
		{2E0CCE8E-8729-4376-B614-78BFE7A28087}.Debug|Any CPU.Build.0 = Debug|Any CPU
		{2E0CCE8E-8729-4376-B614-78BFE7A28087}.Release|Any CPU.ActiveCfg = Release|Any CPU
		{2E0CCE8E-8729-4376-B614-78BFE7A28087}.Release|Any CPU.Build.0 = Release|Any CPU
	EndGlobalSection
	GlobalSection(SolutionProperties) = preSolution
		HideSolutionNode = FALSE
	EndGlobalSection
	GlobalSection(ExtensibilityGlobals) = postSolution
		SolutionGuid = {5277E4B2-96C3-447D-A7C9-E81D4B0F8FAB}
	EndGlobalSection
EndGlobal
